
Microsoft Visual Studio Solution File, Format Version 12.00
# Visual Studio Version 17
VisualStudioVersion = 17.12.35527.113
MinimumVisualStudioVersion = 10.0.40219.1
Project("{2150E333-8FDC-42A3-9474-1A3956D46DE8}") = "Services", "Services", "{1D67A6F0-6124-4B23-978E-9937C02961B0}"
EndProject
Project("{2150E333-8FDC-42A3-9474-1A3956D46DE8}") = "Catalog", "Catalog", "{11279A46-06FD-4D5D-865C-87FB6207D3F9}"
EndProject
Project("{FAE04EC0-301F-11D3-BF4B-00C04F79EFBC}") = "Catalog.API", "Services\Catalog\Catalog.API\Catalog.API.csproj", "{1919C557-A8BF-4EFF-9D37-5C6F5DBD9300}"
EndProject
Project("{2150E333-8FDC-42A3-9474-1A3956D46DE8}") = "BuildingBlocks", "BuildingBlocks", "{7AC4A29E-5873-4330-AB7E-8D3DB5D47F77}"
EndProject
Project("{FAE04EC0-301F-11D3-BF4B-00C04F79EFBC}") = "BuildingBlocks", "BuildingBlocks\BuildingBlocks\BuildingBlocks.csproj", "{9176218D-2705-4DCC-81FC-EAC135E38C12}"
EndProject
Project("{2150E333-8FDC-42A3-9474-1A3956D46DE8}") = "Basket", "Basket", "{0D54D560-9F15-4F8C-A9AC-D1BDEB730714}"
EndProject
Project("{FAE04EC0-301F-11D3-BF4B-00C04F79EFBC}") = "Basket.API", "Services\Basket\Basket.API\Basket.API.csproj", "{4B050AA0-DF08-4BB7-8E0A-D78B90DF2AAF}"
EndProject
Project("{2150E333-8FDC-42A3-9474-1A3956D46DE8}") = "Discount", "Discount", "{5A925A70-C096-4E77-83F1-AC6E1BFFBE5A}"
EndProject
Project("{FAE04EC0-301F-11D3-BF4B-00C04F79EFBC}") = "Discount.Grpc", "Services\Discount\Discount.Grpc\Discount.Grpc.csproj", "{26E845BD-E211-4D9A-B350-F62D1511086A}"
EndProject
Project("{E53339B2-1760-4266-BCC7-CA923CBCF16C}") = "docker-compose", "docker-compose.dcproj", "{4A054C71-2CFF-4BD3-A0FC-1623D3BFD06A}"
EndProject
Project("{2150E333-8FDC-42A3-9474-1A3956D46DE8}") = "Ordering", "Ordering", "{33B37111-49E7-4D8D-81E4-D58E532B6420}"
EndProject
Project("{FAE04EC0-301F-11D3-BF4B-00C04F79EFBC}") = "Ordering.API", "Services\Ordering\Ordering.API\Ordering.API.csproj", "{7BCB491F-136C-4DFA-8E82-56BC90A9A7B0}"
EndProject
Project("{FAE04EC0-301F-11D3-BF4B-00C04F79EFBC}") = "Ordering.Domain", "Services\Ordering\Ordering.Domain\Ordering.Domain.csproj", "{BFEC0775-82F8-4A12-97B1-715A5FABF0F3}"
EndProject
Project("{FAE04EC0-301F-11D3-BF4B-00C04F79EFBC}") = "Ordering.Application", "Services\Ordering\Ordering.Application\Ordering.Application.csproj", "{92529A96-606F-4DAF-8186-4BCA98E3FAB1}"
EndProject
Project("{FAE04EC0-301F-11D3-BF4B-00C04F79EFBC}") = "Ordering.Infrastructure", "Services\Ordering\Ordering.Infrastructure\Ordering.Infrastructure.csproj", "{FD1EA2A1-1A9B-40D8-9EAE-93BC4178522B}"
EndProject
Project("{2150E333-8FDC-42A3-9474-1A3956D46DE8}") = "ApiGateways", "ApiGateways", "{F4B4B88A-BA48-4942-BAFA-50D2FDE369A4}"
EndProject
Project("{FAE04EC0-301F-11D3-BF4B-00C04F79EFBC}") = "YarpApiGateway", "ApiGateways\YarpApiGateway\YarpApiGateway.csproj", "{0B2A8789-9F1C-4DE5-96B1-70D408AB32DF}"
EndProject
Global
	GlobalSection(SolutionConfigurationPlatforms) = preSolution
		Debug|Any CPU = Debug|Any CPU
		Release|Any CPU = Release|Any CPU
	EndGlobalSection
	GlobalSection(ProjectConfigurationPlatforms) = postSolution
		{1919C557-A8BF-4EFF-9D37-5C6F5DBD9300}.Debug|Any CPU.ActiveCfg = Debug|Any CPU
		{1919C557-A8BF-4EFF-9D37-5C6F5DBD9300}.Debug|Any CPU.Build.0 = Debug|Any CPU
		{1919C557-A8BF-4EFF-9D37-5C6F5DBD9300}.Release|Any CPU.ActiveCfg = Release|Any CPU
		{1919C557-A8BF-4EFF-9D37-5C6F5DBD9300}.Release|Any CPU.Build.0 = Release|Any CPU
		{9176218D-2705-4DCC-81FC-EAC135E38C12}.Debug|Any CPU.ActiveCfg = Debug|Any CPU
		{9176218D-2705-4DCC-81FC-EAC135E38C12}.Debug|Any CPU.Build.0 = Debug|Any CPU
		{9176218D-2705-4DCC-81FC-EAC135E38C12}.Release|Any CPU.ActiveCfg = Release|Any CPU
		{9176218D-2705-4DCC-81FC-EAC135E38C12}.Release|Any CPU.Build.0 = Release|Any CPU
		{4B050AA0-DF08-4BB7-8E0A-D78B90DF2AAF}.Debug|Any CPU.ActiveCfg = Debug|Any CPU
		{4B050AA0-DF08-4BB7-8E0A-D78B90DF2AAF}.Debug|Any CPU.Build.0 = Debug|Any CPU
		{4B050AA0-DF08-4BB7-8E0A-D78B90DF2AAF}.Release|Any CPU.ActiveCfg = Release|Any CPU
		{4B050AA0-DF08-4BB7-8E0A-D78B90DF2AAF}.Release|Any CPU.Build.0 = Release|Any CPU
		{26E845BD-E211-4D9A-B350-F62D1511086A}.Debug|Any CPU.ActiveCfg = Debug|Any CPU
		{26E845BD-E211-4D9A-B350-F62D1511086A}.Debug|Any CPU.Build.0 = Debug|Any CPU
		{26E845BD-E211-4D9A-B350-F62D1511086A}.Release|Any CPU.ActiveCfg = Release|Any CPU
		{26E845BD-E211-4D9A-B350-F62D1511086A}.Release|Any CPU.Build.0 = Release|Any CPU
		{4A054C71-2CFF-4BD3-A0FC-1623D3BFD06A}.Debug|Any CPU.ActiveCfg = Debug|Any CPU
		{4A054C71-2CFF-4BD3-A0FC-1623D3BFD06A}.Debug|Any CPU.Build.0 = Debug|Any CPU
		{4A054C71-2CFF-4BD3-A0FC-1623D3BFD06A}.Release|Any CPU.ActiveCfg = Release|Any CPU
		{4A054C71-2CFF-4BD3-A0FC-1623D3BFD06A}.Release|Any CPU.Build.0 = Release|Any CPU
		{7BCB491F-136C-4DFA-8E82-56BC90A9A7B0}.Debug|Any CPU.ActiveCfg = Debug|Any CPU
		{7BCB491F-136C-4DFA-8E82-56BC90A9A7B0}.Debug|Any CPU.Build.0 = Debug|Any CPU
		{7BCB491F-136C-4DFA-8E82-56BC90A9A7B0}.Release|Any CPU.ActiveCfg = Release|Any CPU
		{7BCB491F-136C-4DFA-8E82-56BC90A9A7B0}.Release|Any CPU.Build.0 = Release|Any CPU
		{BFEC0775-82F8-4A12-97B1-715A5FABF0F3}.Debug|Any CPU.ActiveCfg = Debug|Any CPU
		{BFEC0775-82F8-4A12-97B1-715A5FABF0F3}.Debug|Any CPU.Build.0 = Debug|Any CPU
		{BFEC0775-82F8-4A12-97B1-715A5FABF0F3}.Release|Any CPU.ActiveCfg = Release|Any CPU
		{BFEC0775-82F8-4A12-97B1-715A5FABF0F3}.Release|Any CPU.Build.0 = Release|Any CPU
		{92529A96-606F-4DAF-8186-4BCA98E3FAB1}.Debug|Any CPU.ActiveCfg = Debug|Any CPU
		{92529A96-606F-4DAF-8186-4BCA98E3FAB1}.Debug|Any CPU.Build.0 = Debug|Any CPU
		{92529A96-606F-4DAF-8186-4BCA98E3FAB1}.Release|Any CPU.ActiveCfg = Release|Any CPU
		{92529A96-606F-4DAF-8186-4BCA98E3FAB1}.Release|Any CPU.Build.0 = Release|Any CPU
		{FD1EA2A1-1A9B-40D8-9EAE-93BC4178522B}.Debug|Any CPU.ActiveCfg = Debug|Any CPU
		{FD1EA2A1-1A9B-40D8-9EAE-93BC4178522B}.Debug|Any CPU.Build.0 = Debug|Any CPU
		{FD1EA2A1-1A9B-40D8-9EAE-93BC4178522B}.Release|Any CPU.ActiveCfg = Release|Any CPU
		{FD1EA2A1-1A9B-40D8-9EAE-93BC4178522B}.Release|Any CPU.Build.0 = Release|Any CPU
		{0B2A8789-9F1C-4DE5-96B1-70D408AB32DF}.Debug|Any CPU.ActiveCfg = Debug|Any CPU
		{0B2A8789-9F1C-4DE5-96B1-70D408AB32DF}.Debug|Any CPU.Build.0 = Debug|Any CPU
		{0B2A8789-9F1C-4DE5-96B1-70D408AB32DF}.Release|Any CPU.ActiveCfg = Release|Any CPU
		{0B2A8789-9F1C-4DE5-96B1-70D408AB32DF}.Release|Any CPU.Build.0 = Release|Any CPU
	EndGlobalSection
	GlobalSection(SolutionProperties) = preSolution
		HideSolutionNode = FALSE
	EndGlobalSection
	GlobalSection(NestedProjects) = preSolution
		{11279A46-06FD-4D5D-865C-87FB6207D3F9} = {1D67A6F0-6124-4B23-978E-9937C02961B0}
		{1919C557-A8BF-4EFF-9D37-5C6F5DBD9300} = {11279A46-06FD-4D5D-865C-87FB6207D3F9}
		{9176218D-2705-4DCC-81FC-EAC135E38C12} = {7AC4A29E-5873-4330-AB7E-8D3DB5D47F77}
		{0D54D560-9F15-4F8C-A9AC-D1BDEB730714} = {1D67A6F0-6124-4B23-978E-9937C02961B0}
		{4B050AA0-DF08-4BB7-8E0A-D78B90DF2AAF} = {0D54D560-9F15-4F8C-A9AC-D1BDEB730714}
		{5A925A70-C096-4E77-83F1-AC6E1BFFBE5A} = {1D67A6F0-6124-4B23-978E-9937C02961B0}
		{26E845BD-E211-4D9A-B350-F62D1511086A} = {5A925A70-C096-4E77-83F1-AC6E1BFFBE5A}
		{33B37111-49E7-4D8D-81E4-D58E532B6420} = {1D67A6F0-6124-4B23-978E-9937C02961B0}
		{7BCB491F-136C-4DFA-8E82-56BC90A9A7B0} = {33B37111-49E7-4D8D-81E4-D58E532B6420}
		{BFEC0775-82F8-4A12-97B1-715A5FABF0F3} = {33B37111-49E7-4D8D-81E4-D58E532B6420}
		{92529A96-606F-4DAF-8186-4BCA98E3FAB1} = {33B37111-49E7-4D8D-81E4-D58E532B6420}
		{FD1EA2A1-1A9B-40D8-9EAE-93BC4178522B} = {33B37111-49E7-4D8D-81E4-D58E532B6420}
		{0B2A8789-9F1C-4DE5-96B1-70D408AB32DF} = {F4B4B88A-BA48-4942-BAFA-50D2FDE369A4}
	EndGlobalSection
EndGlobal
